
Microsoft Visual Studio Solution File, Format Version 12.00
# Visual Studio Version 17
VisualStudioVersion = 17.8.34330.188
MinimumVisualStudioVersion = 10.0.40219.1
Project("{2150E333-8FDC-42A3-9474-1A3956D46DE8}") = "src", "src", "{27DBDA94-443F-4CE5-905D-14ADD43450B4}"
EndProject
Project("{9A19103F-16F7-4668-BE54-9A1E7A4F7556}") = "ToDo.Core", "ToDo.Core\ToDo.Core.csproj", "{F9A8CE35-63FC-4584-B5E6-F8C7E8F4C56A}"
EndProject
Project("{9A19103F-16F7-4668-BE54-9A1E7A4F7556}") = "ToDo.Application", "ToDo.Application\ToDo.Application.csproj", "{421B7010-094E-4968-8CE4-8EA9CE33369E}"
EndProject
Project("{9A19103F-16F7-4668-BE54-9A1E7A4F7556}") = "ToDo.DataAccess", "ToDo.DataAccess\ToDo.DataAccess.csproj", "{61CD34F5-24C8-405D-9C6E-706CFEB5C70A}"
EndProject
Project("{9A19103F-16F7-4668-BE54-9A1E7A4F7556}") = "ToDo.API", "ToDo.API\ToDo.API.csproj", "{81F097B0-801D-45DE-8AA8-ADD816561381}"
EndProject
Project("{FAE04EC0-301F-11D3-BF4B-00C04F79EFBC}") = "ToDo.UI", "ToDo.UI\ToDo.UI.csproj", "{75AD4AE6-F16F-4046-8B81-155440E50504}"
EndProject
Global
	GlobalSection(SolutionConfigurationPlatforms) = preSolution
		Debug|Any CPU = Debug|Any CPU
		Release|Any CPU = Release|Any CPU
	EndGlobalSection
	GlobalSection(ProjectConfigurationPlatforms) = postSolution
		{F9A8CE35-63FC-4584-B5E6-F8C7E8F4C56A}.Debug|Any CPU.ActiveCfg = Debug|Any CPU
		{F9A8CE35-63FC-4584-B5E6-F8C7E8F4C56A}.Debug|Any CPU.Build.0 = Debug|Any CPU
		{F9A8CE35-63FC-4584-B5E6-F8C7E8F4C56A}.Release|Any CPU.ActiveCfg = Release|Any CPU
		{F9A8CE35-63FC-4584-B5E6-F8C7E8F4C56A}.Release|Any CPU.Build.0 = Release|Any CPU
		{421B7010-094E-4968-8CE4-8EA9CE33369E}.Debug|Any CPU.ActiveCfg = Debug|Any CPU
		{421B7010-094E-4968-8CE4-8EA9CE33369E}.Debug|Any CPU.Build.0 = Debug|Any CPU
		{421B7010-094E-4968-8CE4-8EA9CE33369E}.Release|Any CPU.ActiveCfg = Release|Any CPU
		{421B7010-094E-4968-8CE4-8EA9CE33369E}.Release|Any CPU.Build.0 = Release|Any CPU
		{61CD34F5-24C8-405D-9C6E-706CFEB5C70A}.Debug|Any CPU.ActiveCfg = Debug|Any CPU
		{61CD34F5-24C8-405D-9C6E-706CFEB5C70A}.Debug|Any CPU.Build.0 = Debug|Any CPU
		{61CD34F5-24C8-405D-9C6E-706CFEB5C70A}.Release|Any CPU.ActiveCfg = Release|Any CPU
		{61CD34F5-24C8-405D-9C6E-706CFEB5C70A}.Release|Any CPU.Build.0 = Release|Any CPU
		{81F097B0-801D-45DE-8AA8-ADD816561381}.Debug|Any CPU.ActiveCfg = Debug|Any CPU
		{81F097B0-801D-45DE-8AA8-ADD816561381}.Debug|Any CPU.Build.0 = Debug|Any CPU
		{81F097B0-801D-45DE-8AA8-ADD816561381}.Release|Any CPU.ActiveCfg = Release|Any CPU
		{81F097B0-801D-45DE-8AA8-ADD816561381}.Release|Any CPU.Build.0 = Release|Any CPU
		{75AD4AE6-F16F-4046-8B81-155440E50504}.Debug|Any CPU.ActiveCfg = Debug|Any CPU
		{75AD4AE6-F16F-4046-8B81-155440E50504}.Debug|Any CPU.Build.0 = Debug|Any CPU
		{75AD4AE6-F16F-4046-8B81-155440E50504}.Release|Any CPU.ActiveCfg = Release|Any CPU
		{75AD4AE6-F16F-4046-8B81-155440E50504}.Release|Any CPU.Build.0 = Release|Any CPU
	EndGlobalSection
	GlobalSection(SolutionProperties) = preSolution
		HideSolutionNode = FALSE
	EndGlobalSection
	GlobalSection(NestedProjects) = preSolution
		{F9A8CE35-63FC-4584-B5E6-F8C7E8F4C56A} = {27DBDA94-443F-4CE5-905D-14ADD43450B4}
		{421B7010-094E-4968-8CE4-8EA9CE33369E} = {27DBDA94-443F-4CE5-905D-14ADD43450B4}
		{61CD34F5-24C8-405D-9C6E-706CFEB5C70A} = {27DBDA94-443F-4CE5-905D-14ADD43450B4}
		{81F097B0-801D-45DE-8AA8-ADD816561381} = {27DBDA94-443F-4CE5-905D-14ADD43450B4}
		{75AD4AE6-F16F-4046-8B81-155440E50504} = {27DBDA94-443F-4CE5-905D-14ADD43450B4}
	EndGlobalSection
	GlobalSection(ExtensibilityGlobals) = postSolution
		SolutionGuid = {4ED6A0BA-6350-4BE9-B00D-45B7E1514ADE}
	EndGlobalSection
EndGlobal
